
Microsoft Visual Studio Solution File, Format Version 12.00
# Visual Studio Version 17
VisualStudioVersion = 17.6.33723.286
MinimumVisualStudioVersion = 10.0.40219.1
Project("{FAE04EC0-301F-11D3-BF4B-00C04F79EFBC}") = "C# Learing", "C# Learing\C# Learing.csproj", "{1F5D33BD-5838-486F-A0FF-87F9934BA995}"
EndProject
Global
	GlobalSection(SolutionConfigurationPlatforms) = preSolution
		Debug|Any CPU = Debug|Any CPU
		Release|Any CPU = Release|Any CPU
	EndGlobalSection
	GlobalSection(ProjectConfigurationPlatforms) = postSolution
		{1F5D33BD-5838-486F-A0FF-87F9934BA995}.Debug|Any CPU.ActiveCfg = Debug|Any CPU
		{1F5D33BD-5838-486F-A0FF-87F9934BA995}.Debug|Any CPU.Build.0 = Debug|Any CPU
		{1F5D33BD-5838-486F-A0FF-87F9934BA995}.Release|Any CPU.ActiveCfg = Release|Any CPU
		{1F5D33BD-5838-486F-A0FF-87F9934BA995}.Release|Any CPU.Build.0 = Release|Any CPU
	EndGlobalSection
	GlobalSection(SolutionProperties) = preSolution
		HideSolutionNode = FALSE
	EndGlobalSection
	GlobalSection(ExtensibilityGlobals) = postSolution
		SolutionGuid = {FB768D04-BFF6-4A2D-9BB5-1F2E3FB2CE9A}
	EndGlobalSection
EndGlobal
